
Microsoft Visual Studio Solution File, Format Version 12.00
# Visual Studio 14
VisualStudioVersion = 14.0.23107.0
MinimumVisualStudioVersion = 10.0.40219.1
Project("{FAE04EC0-301F-11D3-BF4B-00C04F79EFBC}") = "PGS.UI", "PGS.UI\PGS.UI.csproj", "{028AA6E8-83CF-42B9-9350-96E5749E30D9}"
EndProject
Project("{FAE04EC0-301F-11D3-BF4B-00C04F79EFBC}") = "PGS.Core", "PGS.Core\PGS.Core.csproj", "{46EDA96F-671E-4E1F-8368-2E7208E3381B}"
EndProject
Project("{FAE04EC0-301F-11D3-BF4B-00C04F79EFBC}") = "PGS.Util", "PGS.Util\PGS.Util.csproj", "{FC76B732-5224-408D-BFC8-69B5B811D0C3}"
EndProject
Global
	GlobalSection(SolutionConfigurationPlatforms) = preSolution
		Debug|Any CPU = Debug|Any CPU
		Release|Any CPU = Release|Any CPU
	EndGlobalSection
	GlobalSection(ProjectConfigurationPlatforms) = postSolution
		{028AA6E8-83CF-42B9-9350-96E5749E30D9}.Debug|Any CPU.ActiveCfg = Debug|Any CPU
		{028AA6E8-83CF-42B9-9350-96E5749E30D9}.Debug|Any CPU.Build.0 = Debug|Any CPU
		{028AA6E8-83CF-42B9-9350-96E5749E30D9}.Release|Any CPU.ActiveCfg = Release|Any CPU
		{028AA6E8-83CF-42B9-9350-96E5749E30D9}.Release|Any CPU.Build.0 = Release|Any CPU
		{46EDA96F-671E-4E1F-8368-2E7208E3381B}.Debug|Any CPU.ActiveCfg = Debug|Any CPU
		{46EDA96F-671E-4E1F-8368-2E7208E3381B}.Debug|Any CPU.Build.0 = Debug|Any CPU
		{46EDA96F-671E-4E1F-8368-2E7208E3381B}.Release|Any CPU.ActiveCfg = Release|Any CPU
		{46EDA96F-671E-4E1F-8368-2E7208E3381B}.Release|Any CPU.Build.0 = Release|Any CPU
		{FC76B732-5224-408D-BFC8-69B5B811D0C3}.Debug|Any CPU.ActiveCfg = Debug|Any CPU
		{FC76B732-5224-408D-BFC8-69B5B811D0C3}.Debug|Any CPU.Build.0 = Debug|Any CPU
		{FC76B732-5224-408D-BFC8-69B5B811D0C3}.Release|Any CPU.ActiveCfg = Release|Any CPU
		{FC76B732-5224-408D-BFC8-69B5B811D0C3}.Release|Any CPU.Build.0 = Release|Any CPU
	EndGlobalSection
	GlobalSection(SolutionProperties) = preSolution
		HideSolutionNode = FALSE
	EndGlobalSection
EndGlobal
